
Microsoft Visual Studio Solution File, Format Version 12.00
# Visual Studio Version 16
VisualStudioVersion = 16.0.31829.152
MinimumVisualStudioVersion = 10.0.40219.1
Project("{FAE04EC0-301F-11D3-BF4B-00C04F79EFBC}") = "SDA2035_WPF_HW14", "SDA2035_WPF_HW14\SDA2035_WPF_HW14.csproj", "{AE3AA035-1DD4-4640-BA50-02BC142FCD49}"
EndProject
Global
	GlobalSection(SolutionConfigurationPlatforms) = preSolution
		Debug|Any CPU = Debug|Any CPU
		Release|Any CPU = Release|Any CPU
	EndGlobalSection
	GlobalSection(ProjectConfigurationPlatforms) = postSolution
		{AE3AA035-1DD4-4640-BA50-02BC142FCD49}.Debug|Any CPU.ActiveCfg = Debug|Any CPU
		{AE3AA035-1DD4-4640-BA50-02BC142FCD49}.Debug|Any CPU.Build.0 = Debug|Any CPU
		{AE3AA035-1DD4-4640-BA50-02BC142FCD49}.Release|Any CPU.ActiveCfg = Release|Any CPU
		{AE3AA035-1DD4-4640-BA50-02BC142FCD49}.Release|Any CPU.Build.0 = Release|Any CPU
	EndGlobalSection
	GlobalSection(SolutionProperties) = preSolution
		HideSolutionNode = FALSE
	EndGlobalSection
	GlobalSection(ExtensibilityGlobals) = postSolution
		SolutionGuid = {58C5523E-792B-4236-B51C-6E446BB19233}
	EndGlobalSection
EndGlobal
